
Microsoft Visual Studio Solution File, Format Version 12.00
# Visual Studio 14
VisualStudioVersion = 14.0.25420.1
MinimumVisualStudioVersion = 10.0.40219.1
Project("{2150E333-8FDC-42A3-9474-1A3956D46DE8}") = "Solution Items", "Solution Items", "{4EDD5D84-13D3-4728-BD8A-3C5BC76866C6}"
	ProjectSection(SolutionItems) = preProject
		..\.appveyor.yml = ..\.appveyor.yml
		..\.gitignore = ..\.gitignore
		..\LICENSE.txt = ..\LICENSE.txt
		..\README.rst = ..\README.rst
	EndProjectSection
EndProject
Project("{FAE04EC0-301F-11D3-BF4B-00C04F79EFBC}") = "Telesign.Test", "Telesign.Test\Telesign.Test.csproj", "{0C63BBDA-1B96-4B18-949A-15B866D43386}"
EndProject
Project("{FAE04EC0-301F-11D3-BF4B-00C04F79EFBC}") = "Telesign.Example", "Telesign.Example\Telesign.Example.csproj", "{BBB0568D-C6F9-4A13-B2BD-42B1441BC03B}"
EndProject
Project("{FAE04EC0-301F-11D3-BF4B-00C04F79EFBC}") = "Telesign", "Telesign\Telesign.csproj", "{D79E8A80-36C2-421E-BCBC-75573ADDB9D0}"
EndProject
Global
	GlobalSection(SolutionConfigurationPlatforms) = preSolution
		Debug|Any CPU = Debug|Any CPU
		Release|Any CPU = Release|Any CPU
	EndGlobalSection
	GlobalSection(ProjectConfigurationPlatforms) = postSolution
		{0C63BBDA-1B96-4B18-949A-15B866D43386}.Debug|Any CPU.ActiveCfg = Debug|Any CPU
		{0C63BBDA-1B96-4B18-949A-15B866D43386}.Debug|Any CPU.Build.0 = Debug|Any CPU
		{0C63BBDA-1B96-4B18-949A-15B866D43386}.Release|Any CPU.ActiveCfg = Release|Any CPU
		{0C63BBDA-1B96-4B18-949A-15B866D43386}.Release|Any CPU.Build.0 = Release|Any CPU
		{BBB0568D-C6F9-4A13-B2BD-42B1441BC03B}.Debug|Any CPU.ActiveCfg = Debug|Any CPU
		{BBB0568D-C6F9-4A13-B2BD-42B1441BC03B}.Debug|Any CPU.Build.0 = Debug|Any CPU
		{BBB0568D-C6F9-4A13-B2BD-42B1441BC03B}.Release|Any CPU.ActiveCfg = Release|Any CPU
		{BBB0568D-C6F9-4A13-B2BD-42B1441BC03B}.Release|Any CPU.Build.0 = Release|Any CPU
		{D79E8A80-36C2-421E-BCBC-75573ADDB9D0}.Debug|Any CPU.ActiveCfg = Debug|Any CPU
		{D79E8A80-36C2-421E-BCBC-75573ADDB9D0}.Debug|Any CPU.Build.0 = Debug|Any CPU
		{D79E8A80-36C2-421E-BCBC-75573ADDB9D0}.Release|Any CPU.ActiveCfg = Release|Any CPU
		{D79E8A80-36C2-421E-BCBC-75573ADDB9D0}.Release|Any CPU.Build.0 = Release|Any CPU
	EndGlobalSection
	GlobalSection(SolutionProperties) = preSolution
		HideSolutionNode = FALSE
	EndGlobalSection
EndGlobal
